
Microsoft Visual Studio Solution File, Format Version 12.00
# Visual Studio 2012
Project("{FAE04EC0-301F-11D3-BF4B-00C04F79EFBC}") = "SnowGrain.Droid", "SnowGrain.Droid.csproj", "{94BA3405-8AC9-47A8-90B4-59DBF2D56EF0}"
EndProject
Global
	GlobalSection(SolutionConfigurationPlatforms) = preSolution
		Debug|Any CPU = Debug|Any CPU
		Release|Any CPU = Release|Any CPU
	EndGlobalSection
	GlobalSection(ProjectConfigurationPlatforms) = postSolution
		{94BA3405-8AC9-47A8-90B4-59DBF2D56EF0}.Debug|Any CPU.ActiveCfg = Debug|Any CPU
		{94BA3405-8AC9-47A8-90B4-59DBF2D56EF0}.Debug|Any CPU.Build.0 = Debug|Any CPU
		{94BA3405-8AC9-47A8-90B4-59DBF2D56EF0}.Release|Any CPU.ActiveCfg = Release|Any CPU
		{94BA3405-8AC9-47A8-90B4-59DBF2D56EF0}.Release|Any CPU.Build.0 = Release|Any CPU
	EndGlobalSection
EndGlobal
